
Microsoft Visual Studio Solution File, Format Version 12.00
# Visual Studio Version 16
VisualStudioVersion = 16.0.29102.190
MinimumVisualStudioVersion = 10.0.40219.1
Project("{FAE04EC0-301F-11D3-BF4B-00C04F79EFBC}") = "Aplikacija", "Aplikacija.csproj", "{401F80E9-A523-42A0-B1A1-FBF73F7A1B3C}"
EndProject
Global
	GlobalSection(SolutionConfigurationPlatforms) = preSolution
		Debug|Any CPU = Debug|Any CPU
		Release|Any CPU = Release|Any CPU
	EndGlobalSection
	GlobalSection(ProjectConfigurationPlatforms) = postSolution
		{401F80E9-A523-42A0-B1A1-FBF73F7A1B3C}.Debug|Any CPU.ActiveCfg = Debug|Any CPU
		{401F80E9-A523-42A0-B1A1-FBF73F7A1B3C}.Debug|Any CPU.Build.0 = Debug|Any CPU
		{401F80E9-A523-42A0-B1A1-FBF73F7A1B3C}.Release|Any CPU.ActiveCfg = Release|Any CPU
		{401F80E9-A523-42A0-B1A1-FBF73F7A1B3C}.Release|Any CPU.Build.0 = Release|Any CPU
	EndGlobalSection
	GlobalSection(SolutionProperties) = preSolution
		HideSolutionNode = FALSE
	EndGlobalSection
	GlobalSection(ExtensibilityGlobals) = postSolution
		SolutionGuid = {16419FA0-DD95-4694-956D-6461808CEE76}
	EndGlobalSection
EndGlobal
